
Microsoft Visual Studio Solution File, Format Version 12.00
# Visual Studio Version 17
VisualStudioVersion = 17.9.34701.34
MinimumVisualStudioVersion = 10.0.40219.1
Project("{FAE04EC0-301F-11D3-BF4B-00C04F79EFBC}") = "WpfAppSearchSystem)HTTP_FTP_SMTP", "WpfAppSearchSystem)HTTP_FTP_SMTP.csproj", "{D321D520-D15E-41A4-8985-3E180C53C42B}"
EndProject
Global
	GlobalSection(SolutionConfigurationPlatforms) = preSolution
		Debug|Any CPU = Debug|Any CPU
		Release|Any CPU = Release|Any CPU
	EndGlobalSection
	GlobalSection(ProjectConfigurationPlatforms) = postSolution
		{D321D520-D15E-41A4-8985-3E180C53C42B}.Debug|Any CPU.ActiveCfg = Debug|Any CPU
		{D321D520-D15E-41A4-8985-3E180C53C42B}.Debug|Any CPU.Build.0 = Debug|Any CPU
		{D321D520-D15E-41A4-8985-3E180C53C42B}.Release|Any CPU.ActiveCfg = Release|Any CPU
		{D321D520-D15E-41A4-8985-3E180C53C42B}.Release|Any CPU.Build.0 = Release|Any CPU
	EndGlobalSection
	GlobalSection(SolutionProperties) = preSolution
		HideSolutionNode = FALSE
	EndGlobalSection
	GlobalSection(ExtensibilityGlobals) = postSolution
		SolutionGuid = {B6765675-160E-4B78-9BC7-AD5B5EC32B76}
	EndGlobalSection
EndGlobal
